# This file is automatically @generated by Cargo.
# It is not intended for manual editing.
version = 4

[[package]]
name = "router-build"
version = "0.1.0"

[[package]]
name = "router-core"
version = "0.1.0"

[[package]]
name = "router-macro"
version = "0.1.0"

[[package]]
name = "router-middleware"
version = "0.1.0"

[[package]]
name = "router-plugin"
version = "0.1.0"

[[package]]
name = "router-runtime"
version = "0.1.0"

[[package]]
name = "router-showcase"
version = "0.1.0"

[[package]]
name = "router-std"
version = "0.1.0"

[[package]]
name = "rust-router"
version = "0.1.0"
